
Microsoft Visual Studio Solution File, Format Version 12.00
# Visual Studio Version 16
VisualStudioVersion = 16.0.32413.511
MinimumVisualStudioVersion = 10.0.40219.1
Project("{FAE04EC0-301F-11D3-BF4B-00C04F79EFBC}") = "WEBSITEBANHANG", "WEBSITEBANHANG\WEBSITEBANHANG.csproj", "{78869905-8774-418A-95B9-9AA5CE66FCD3}"
EndProject
Global
	GlobalSection(SolutionConfigurationPlatforms) = preSolution
		Debug|Any CPU = Debug|Any CPU
		Release|Any CPU = Release|Any CPU
	EndGlobalSection
	GlobalSection(ProjectConfigurationPlatforms) = postSolution
		{78869905-8774-418A-95B9-9AA5CE66FCD3}.Debug|Any CPU.ActiveCfg = Debug|Any CPU
		{78869905-8774-418A-95B9-9AA5CE66FCD3}.Debug|Any CPU.Build.0 = Debug|Any CPU
		{78869905-8774-418A-95B9-9AA5CE66FCD3}.Release|Any CPU.ActiveCfg = Release|Any CPU
		{78869905-8774-418A-95B9-9AA5CE66FCD3}.Release|Any CPU.Build.0 = Release|Any CPU
	EndGlobalSection
	GlobalSection(SolutionProperties) = preSolution
		HideSolutionNode = FALSE
	EndGlobalSection
	GlobalSection(ExtensibilityGlobals) = postSolution
		SolutionGuid = {61BA1473-2D6F-40FB-9431-FFB06978F415}
	EndGlobalSection
EndGlobal
